
Microsoft Visual Studio Solution File, Format Version 12.00
# Visual Studio Version 17
VisualStudioVersion = 17.5.33530.505
MinimumVisualStudioVersion = 10.0.40219.1
Project("{9A19103F-16F7-4668-BE54-9A1E7A4F7556}") = "ViajesTerrestres", "ViajesTerrestres\ViajesTerrestres.csproj", "{316EFEFE-5A17-4742-B06C-DA0D1FE8F27A}"
EndProject
Project("{FAE04EC0-301F-11D3-BF4B-00C04F79EFBC}") = "PruebasUnitarias", "PruebasUnitarias\PruebasUnitarias.csproj", "{7825886D-088E-49C5-ACE1-C36AF8E01E17}"
EndProject
Global
	GlobalSection(SolutionConfigurationPlatforms) = preSolution
		Debug|Any CPU = Debug|Any CPU
		Release|Any CPU = Release|Any CPU
	EndGlobalSection
	GlobalSection(ProjectConfigurationPlatforms) = postSolution
		{316EFEFE-5A17-4742-B06C-DA0D1FE8F27A}.Debug|Any CPU.ActiveCfg = Debug|Any CPU
		{316EFEFE-5A17-4742-B06C-DA0D1FE8F27A}.Debug|Any CPU.Build.0 = Debug|Any CPU
		{316EFEFE-5A17-4742-B06C-DA0D1FE8F27A}.Release|Any CPU.ActiveCfg = Release|Any CPU
		{316EFEFE-5A17-4742-B06C-DA0D1FE8F27A}.Release|Any CPU.Build.0 = Release|Any CPU
		{7825886D-088E-49C5-ACE1-C36AF8E01E17}.Debug|Any CPU.ActiveCfg = Debug|Any CPU
		{7825886D-088E-49C5-ACE1-C36AF8E01E17}.Debug|Any CPU.Build.0 = Debug|Any CPU
		{7825886D-088E-49C5-ACE1-C36AF8E01E17}.Release|Any CPU.ActiveCfg = Release|Any CPU
		{7825886D-088E-49C5-ACE1-C36AF8E01E17}.Release|Any CPU.Build.0 = Release|Any CPU
	EndGlobalSection
	GlobalSection(SolutionProperties) = preSolution
		HideSolutionNode = FALSE
	EndGlobalSection
	GlobalSection(ExtensibilityGlobals) = postSolution
		SolutionGuid = {9DBE0C36-EBE9-4866-AF80-BD51BF8C0ECB}
	EndGlobalSection
EndGlobal
